
Microsoft Visual Studio Solution File, Format Version 12.00
# Visual Studio Version 17
VisualStudioVersion = 17.4.33122.133
MinimumVisualStudioVersion = 10.0.40219.1
Project("{9A19103F-16F7-4668-BE54-9A1E7A4F7556}") = "Exercise1", "Exercise1.csproj", "{8730FFF8-E787-4357-B4AF-62440EE5A7A9}"
EndProject
Global
	GlobalSection(SolutionConfigurationPlatforms) = preSolution
		Debug|Any CPU = Debug|Any CPU
		Release|Any CPU = Release|Any CPU
	EndGlobalSection
	GlobalSection(ProjectConfigurationPlatforms) = postSolution
		{8730FFF8-E787-4357-B4AF-62440EE5A7A9}.Debug|Any CPU.ActiveCfg = Debug|Any CPU
		{8730FFF8-E787-4357-B4AF-62440EE5A7A9}.Debug|Any CPU.Build.0 = Debug|Any CPU
		{8730FFF8-E787-4357-B4AF-62440EE5A7A9}.Release|Any CPU.ActiveCfg = Release|Any CPU
		{8730FFF8-E787-4357-B4AF-62440EE5A7A9}.Release|Any CPU.Build.0 = Release|Any CPU
	EndGlobalSection
	GlobalSection(SolutionProperties) = preSolution
		HideSolutionNode = FALSE
	EndGlobalSection
	GlobalSection(ExtensibilityGlobals) = postSolution
		SolutionGuid = {0C4C7B80-19A6-40B5-9DDA-0696BCEDDE3B}
	EndGlobalSection
EndGlobal
