
Microsoft Visual Studio Solution File, Format Version 12.00
# Visual Studio Version 17
VisualStudioVersion = 17.4.33213.308
MinimumVisualStudioVersion = 10.0.40219.1
Project("{FAE04EC0-301F-11D3-BF4B-00C04F79EFBC}") = "EmpManage", "EmpManage\EmpManage.csproj", "{38D501C9-74BB-48B1-ACE2-38BB2735A783}"
EndProject
Global
	GlobalSection(SolutionConfigurationPlatforms) = preSolution
		Debug|Any CPU = Debug|Any CPU
		Release|Any CPU = Release|Any CPU
	EndGlobalSection
	GlobalSection(ProjectConfigurationPlatforms) = postSolution
		{38D501C9-74BB-48B1-ACE2-38BB2735A783}.Debug|Any CPU.ActiveCfg = Debug|Any CPU
		{38D501C9-74BB-48B1-ACE2-38BB2735A783}.Debug|Any CPU.Build.0 = Debug|Any CPU
		{38D501C9-74BB-48B1-ACE2-38BB2735A783}.Release|Any CPU.ActiveCfg = Release|Any CPU
		{38D501C9-74BB-48B1-ACE2-38BB2735A783}.Release|Any CPU.Build.0 = Release|Any CPU
	EndGlobalSection
	GlobalSection(SolutionProperties) = preSolution
		HideSolutionNode = FALSE
	EndGlobalSection
	GlobalSection(ExtensibilityGlobals) = postSolution
		SolutionGuid = {A1B24C36-838D-4D26-81B5-363925C3491D}
	EndGlobalSection
EndGlobal
